// !$*UTF8*$!
{
	archiveVersion = 1;
	classes = {
	};
	objectVersion = 55;
	objects = {

/* Begin PBXBuildFile section */
		B5E9B63C28A90E4F00B7CCE6 /* AppDelegate.swift in Sources */ = {isa = PBXBuildFile; fileRef = B5E9B63B28A90E4F00B7CCE6 /* AppDelegate.swift */; };
		B5E9B63E28A90E4F00B7CCE6 /* SceneDelegate.swift in Sources */ = {isa = PBXBuildFile; fileRef = B5E9B63D28A90E4F00B7CCE6 /* SceneDelegate.swift */; };
		B5E9B64028A90E4F00B7CCE6 /* ViewController.swift in Sources */ = {isa = PBXBuildFile; fileRef = B5E9B63F28A90E4F00B7CCE6 /* ViewController.swift */; };
		B5E9B64528A90E5000B7CCE6 /* Assets.xcassets in Resources */ = {isa = PBXBuildFile; fileRef = B5E9B64428A90E5000B7CCE6 /* Assets.xcassets */; };
		B5E9B64828A90E5000B7CCE6 /* LaunchScreen.storyboard in Resources */ = {isa = PBXBuildFile; fileRef = B5E9B64628A90E5000B7CCE6 /* LaunchScreen.storyboard */; };
		B5E9B65028A922BD00B7CCE6 /* DetailViewController.swift in Sources */ = {isa = PBXBuildFile; fileRef = B5E9B64F28A922BD00B7CCE6 /* DetailViewController.swift */; };
		B5E9B65228A9231A00B7CCE6 /* ImageItemModel.swift in Sources */ = {isa = PBXBuildFile; fileRef = B5E9B65128A9231A00B7CCE6 /* ImageItemModel.swift */; };
		B5E9B65728A9333B00B7CCE6 /* AddImageViewController.swift in Sources */ = {isa = PBXBuildFile; fileRef = B5E9B65628A9333B00B7CCE6 /* AddImageViewController.swift */; };
/* End PBXBuildFile section */

/* Begin PBXFileReference section */
		B5E9B63828A90E4F00B7CCE6 /* PhotoChallenge.app */ = {isa = PBXFileReference; explicitFileType = wrapper.application; includeInIndex = 0; path = PhotoChallenge.app; sourceTree = BUILT_PRODUCTS_DIR; };
		B5E9B63B28A90E4F00B7CCE6 /* AppDelegate.swift */ = {isa = PBXFileReference; lastKnownFileType = sourcecode.swift; path = AppDelegate.swift; sourceTree = "<group>"; };
		B5E9B63D28A90E4F00B7CCE6 /* SceneDelegate.swift */ = {isa = PBXFileReference; lastKnownFileType = sourcecode.swift; path = SceneDelegate.swift; sourceTree = "<group>"; };
		B5E9B63F28A90E4F00B7CCE6 /* ViewController.swift */ = {isa = PBXFileReference; lastKnownFileType = sourcecode.swift; path = ViewController.swift; sourceTree = "<group>"; };
		B5E9B64428A90E5000B7CCE6 /* Assets.xcassets */ = {isa = PBXFileReference; lastKnownFileType = folder.assetcatalog; path = Assets.xcassets; sourceTree = "<group>"; };
		B5E9B64728A90E5000B7CCE6 /* Base */ = {isa = PBXFileReference; lastKnownFileType = file.storyboard; name = Base; path = Base.lproj/LaunchScreen.storyboard; sourceTree = "<group>"; };
		B5E9B64928A90E5000B7CCE6 /* Info.plist */ = {isa = PBXFileReference; lastKnownFileType = text.plist.xml; path = Info.plist; sourceTree = "<group>"; };
		B5E9B64F28A922BD00B7CCE6 /* DetailViewController.swift */ = {isa = PBXFileReference; lastKnownFileType = sourcecode.swift; path = DetailViewController.swift; sourceTree = "<group>"; };
		B5E9B65128A9231A00B7CCE6 /* ImageItemModel.swift */ = {isa = PBXFileReference; lastKnownFileType = sourcecode.swift; path = ImageItemModel.swift; sourceTree = "<group>"; };
		B5E9B65628A9333B00B7CCE6 /* AddImageViewController.swift */ = {isa = PBXFileReference; lastKnownFileType = sourcecode.swift; path = AddImageViewController.swift; sourceTree = "<group>"; };
/* End PBXFileReference section */

/* Begin PBXFrameworksBuildPhase section */
		B5E9B63528A90E4F00B7CCE6 /* Frameworks */ = {
			isa = PBXFrameworksBuildPhase;
			buildActionMask = 2147483647;
			files = (
			);
			runOnlyForDeploymentPostprocessing = 0;
		};
/* End PBXFrameworksBuildPhase section */

/* Begin PBXGroup section */
		B5E9B62F28A90E4F00B7CCE6 = {
			isa = PBXGroup;
			children = (
				B5E9B63A28A90E4F00B7CCE6 /* PhotoChallenge */,
				B5E9B63928A90E4F00B7CCE6 /* Products */,
			);
			sourceTree = "<group>";
		};
		B5E9B63928A90E4F00B7CCE6 /* Products */ = {
			isa = PBXGroup;
			children = (
				B5E9B63828A90E4F00B7CCE6 /* PhotoChallenge.app */,
			);
			name = Products;
			sourceTree = "<group>";
		};
		B5E9B63A28A90E4F00B7CCE6 /* PhotoChallenge */ = {
			isa = PBXGroup;
			children = (
				B5E9B65428A9232A00B7CCE6 /* App */,
				B5E9B65328A9232500B7CCE6 /* Controllers */,
				B5E9B65528A9233800B7CCE6 /* Model */,
				B5E9B64428A90E5000B7CCE6 /* Assets.xcassets */,
				B5E9B64928A90E5000B7CCE6 /* Info.plist */,
			);
			path = PhotoChallenge;
			sourceTree = "<group>";
		};
		B5E9B65328A9232500B7CCE6 /* Controllers */ = {
			isa = PBXGroup;
			children = (
				B5E9B63F28A90E4F00B7CCE6 /* ViewController.swift */,
				B5E9B65628A9333B00B7CCE6 /* AddImageViewController.swift */,
				B5E9B64F28A922BD00B7CCE6 /* DetailViewController.swift */,
			);
			path = Controllers;
			sourceTree = "<group>";
		};
		B5E9B65428A9232A00B7CCE6 /* App */ = {
			isa = PBXGroup;
			children = (
				B5E9B63B28A90E4F00B7CCE6 /* AppDelegate.swift */,
				B5E9B63D28A90E4F00B7CCE6 /* SceneDelegate.swift */,
				B5E9B64628A90E5000B7CCE6 /* LaunchScreen.storyboard */,
			);
			path = App;
			sourceTree = "<group>";
		};
		B5E9B65528A9233800B7CCE6 /* Model */ = {
			isa = PBXGroup;
			children = (
				B5E9B65128A9231A00B7CCE6 /* ImageItemModel.swift */,
			);
			path = Model;
			sourceTree = "<group>";
		};
/* End PBXGroup section */

/* Begin PBXNativeTarget section */
		B5E9B63728A90E4F00B7CCE6 /* PhotoChallenge */ = {
			isa = PBXNativeTarget;
			buildConfigurationList = B5E9B64C28A90E5000B7CCE6 /* Build configuration list for PBXNativeTarget "PhotoChallenge" */;
			buildPhases = (
				B5E9B63428A90E4F00B7CCE6 /* Sources */,
				B5E9B63528A90E4F00B7CCE6 /* Frameworks */,
				B5E9B63628A90E4F00B7CCE6 /* Resources */,
			);
			buildRules = (
			);
			dependencies = (
			);
			name = PhotoChallenge;
			productName = PhotoChallenge;
			productReference = B5E9B63828A90E4F00B7CCE6 /* PhotoChallenge.app */;
			productType = "com.apple.product-type.application";
		};
/* End PBXNativeTarget section */

/* Begin PBXProject section */
		B5E9B63028A90E4F00B7CCE6 /* Project object */ = {
			isa = PBXProject;
			attributes = {
				BuildIndependentTargetsInParallel = 1;
				LastSwiftUpdateCheck = 1330;
				LastUpgradeCheck = 1330;
				TargetAttributes = {
					B5E9B63728A90E4F00B7CCE6 = {
						CreatedOnToolsVersion = 13.3;
					};
				};
			};
			buildConfigurationList = B5E9B63328A90E4F00B7CCE6 /* Build configuration list for PBXProject "PhotoChallenge" */;
			compatibilityVersion = "Xcode 13.0";
			developmentRegion = en;
			hasScannedForEncodings = 0;
			knownRegions = (
				en,
				Base,
			);
			mainGroup = B5E9B62F28A90E4F00B7CCE6;
			productRefGroup = B5E9B63928A90E4F00B7CCE6 /* Products */;
			projectDirPath = "";
			projectRoot = "";
			targets = (
				B5E9B63728A90E4F00B7CCE6 /* PhotoChallenge */,
			);
		};
/* End PBXProject section */

/* Begin PBXResourcesBuildPhase section */
		B5E9B63628A90E4F00B7CCE6 /* Resources */ = {
			isa = PBXResourcesBuildPhase;
			buildActionMask = 2147483647;
			files = (
				B5E9B64828A90E5000B7CCE6 /* LaunchScreen.storyboard in Resources */,
				B5E9B64528A90E5000B7CCE6 /* Assets.xcassets in Resources */,
			);
			runOnlyForDeploymentPostprocessing = 0;
		};
/* End PBXResourcesBuildPhase section */

/* Begin PBXSourcesBuildPhase section */
		B5E9B63428A90E4F00B7CCE6 /* Sources */ = {
			isa = PBXSourcesBuildPhase;
			buildActionMask = 2147483647;
			files = (
				B5E9B64028A90E4F00B7CCE6 /* ViewController.swift in Sources */,
				B5E9B63C28A90E4F00B7CCE6 /* AppDelegate.swift in Sources */,
				B5E9B65728A9333B00B7CCE6 /* AddImageViewController.swift in Sources */,
				B5E9B63E28A90E4F00B7CCE6 /* SceneDelegate.swift in Sources */,
				B5E9B65028A922BD00B7CCE6 /* DetailViewController.swift in Sources */,
				B5E9B65228A9231A00B7CCE6 /* ImageItemModel.swift in Sources */,
			);
			runOnlyForDeploymentPostprocessing = 0;
		};
/* End PBXSourcesBuildPhase section */

/* Begin PBXVariantGroup section */
		B5E9B64628A90E5000B7CCE6 /* LaunchScreen.storyboard */ = {
			isa = PBXVariantGroup;
			children = (
				B5E9B64728A90E5000B7CCE6 /* Base */,
			);
			name = LaunchScreen.storyboard;
			sourceTree = "<group>";
		};
/* End PBXVariantGroup section */

/* Begin XCBuildConfiguration section */
		B5E9B64A28A90E5000B7CCE6 /* Debug */ = {
			isa = XCBuildConfiguration;
			buildSettings = {
				ALWAYS_SEARCH_USER_PATHS = NO;
				CLANG_ANALYZER_NONNULL = YES;
				CLANG_ANALYZER_NUMBER_OBJECT_CONVERSION = YES_AGGRESSIVE;
				CLANG_CXX_LANGUAGE_STANDARD = "gnu++17";
				CLANG_ENABLE_MODULES = YES;
				CLANG_ENABLE_OBJC_ARC = YES;
				CLANG_ENABLE_OBJC_WEAK = YES;
				CLANG_WARN_BLOCK_CAPTURE_AUTORELEASING = YES;
				CLANG_WARN_BOOL_CONVERSION = YES;
				CLANG_WARN_COMMA = YES;
				CLANG_WARN_CONSTANT_CONVERSION = YES;
				CLANG_WARN_DEPRECATED_OBJC_IMPLEMENTATIONS = YES;
				CLANG_WARN_DIRECT_OBJC_ISA_USAGE = YES_ERROR;
				CLANG_WARN_DOCUMENTATION_COMMENTS = YES;
				CLANG_WARN_EMPTY_BODY = YES;
				CLANG_WARN_ENUM_CONVERSION = YES;
				CLANG_WARN_INFINITE_RECURSION = YES;
				CLANG_WARN_INT_CONVERSION = YES;
				CLANG_WARN_NON_LITERAL_NULL_CONVERSION = YES;
				CLANG_WARN_OBJC_IMPLICIT_RETAIN_SELF = YES;
				CLANG_WARN_OBJC_LITERAL_CONVERSION = YES;
				CLANG_WARN_OBJC_ROOT_CLASS = YES_ERROR;
				CLANG_WARN_QUOTED_INCLUDE_IN_FRAMEWORK_HEADER = YES;
				CLANG_WARN_RANGE_LOOP_ANALYSIS = YES;
				CLANG_WARN_STRICT_PROTOTYPES = YES;
				CLANG_WARN_SUSPICIOUS_MOVE = YES;
				CLANG_WARN_UNGUARDED_AVAILABILITY = YES_AGGRESSIVE;
				CLANG_WARN_UNREACHABLE_CODE = YES;
				CLANG_WARN__DUPLICATE_METHOD_MATCH = YES;
				COPY_PHASE_STRIP = NO;
				DEBUG_INFORMATION_FORMAT = dwarf;
				ENABLE_STRICT_OBJC_MSGSEND = YES;
				ENABLE_TESTABILITY = YES;
				GCC_C_LANGUAGE_STANDARD = gnu11;
				GCC_DYNAMIC_NO_PIC = NO;
				GCC_NO_COMMON_BLOCKS = YES;
				GCC_OPTIMIZATION_LEVEL = 0;
				GCC_PREPROCESSOR_DEFINITIONS = (
					"DEBUG=1",
					"$(inherited)",
				);
				GCC_WARN_64_TO_32_BIT_CONVERSION = YES;
				GCC_WARN_ABOUT_RETURN_TYPE = YES_ERROR;
				GCC_WARN_UNDECLARED_SELECTOR = YES;
				GCC_WARN_UNINITIALIZED_AUTOS = YES_AGGRESSIVE;
				GCC_WARN_UNUSED_FUNCTION = YES;
				GCC_WARN_UNUSED_VARIABLE = YES;
				IPHONEOS_DEPLOYMENT_TARGET = 15.4;
				MTL_ENABLE_DEBUG_INFO = INCLUDE_SOURCE;
				MTL_FAST_MATH = YES;
				ONLY_ACTIVE_ARCH = YES;
				SDKROOT = iphoneos;
				SWIFT_ACTIVE_COMPILATION_CONDITIONS = DEBUG;
				SWIFT_OPTIMIZATION_LEVEL = "-Onone";
			};
			name = Debug;
		};
		B5E9B64B28A90E5000B7CCE6 /* Release */ = {
			isa = XCBuildConfiguration;
			buildSettings = {
				ALWAYS_SEARCH_USER_PATHS = NO;
				CLANG_ANALYZER_NONNULL = YES;
				CLANG_ANALYZER_NUMBER_OBJECT_CONVERSION = YES_AGGRESSIVE;
				CLANG_CXX_LANGUAGE_STANDARD = "gnu++17";
				CLANG_ENABLE_MODULES = YES;
				CLANG_ENABLE_OBJC_ARC = YES;
				CLANG_ENABLE_OBJC_WEAK = YES;
				CLANG_WARN_BLOCK_CAPTURE_AUTORELEASING = YES;
				CLANG_WARN_BOOL_CONVERSION = YES;
				CLANG_WARN_COMMA = YES;
				CLANG_WARN_CONSTANT_CONVERSION = YES;
				CLANG_WARN_DEPRECATED_OBJC_IMPLEMENTATIONS = YES;
				CLANG_WARN_DIRECT_OBJC_ISA_USAGE = YES_ERROR;
				CLANG_WARN_DOCUMENTATION_COMMENTS = YES;
				CLANG_WARN_EMPTY_BODY = YES;
				CLANG_WARN_ENUM_CONVERSION = YES;
				CLANG_WARN_INFINITE_RECURSION = YES;
				CLANG_WARN_INT_CONVERSION = YES;
				CLANG_WARN_NON_LITERAL_NULL_CONVERSION = YES;
				CLANG_WARN_OBJC_IMPLICIT_RETAIN_SELF = YES;
				CLANG_WARN_OBJC_LITERAL_CONVERSION = YES;
				CLANG_WARN_OBJC_ROOT_CLASS = YES_ERROR;
				CLANG_WARN_QUOTED_INCLUDE_IN_FRAMEWORK_HEADER = YES;
				CLANG_WARN_RANGE_LOOP_ANALYSIS = YES;
				CLANG_WARN_STRICT_PROTOTYPES = YES;
				CLANG_WARN_SUSPICIOUS_MOVE = YES;
				CLANG_WARN_UNGUARDED_AVAILABILITY = YES_AGGRESSIVE;
				CLANG_WARN_UNREACHABLE_CODE = YES;
				CLANG_WARN__DUPLICATE_METHOD_MATCH = YES;
				COPY_PHASE_STRIP = NO;
				DEBUG_INFORMATION_FORMAT = "dwarf-with-dsym";
				ENABLE_NS_ASSERTIONS = NO;
				ENABLE_STRICT_OBJC_MSGSEND = YES;
				GCC_C_LANGUAGE_STANDARD = gnu11;
				GCC_NO_COMMON_BLOCKS = YES;
				GCC_WARN_64_TO_32_BIT_CONVERSION = YES;
				GCC_WARN_ABOUT_RETURN_TYPE = YES_ERROR;
				GCC_WARN_UNDECLARED_SELECTOR = YES;
				GCC_WARN_UNINITIALIZED_AUTOS = YES_AGGRESSIVE;
				GCC_WARN_UNUSED_FUNCTION = YES;
				GCC_WARN_UNUSED_VARIABLE = YES;
				IPHONEOS_DEPLOYMENT_TARGET = 15.4;
				MTL_ENABLE_DEBUG_INFO = NO;
				MTL_FAST_MATH = YES;
				SDKROOT = iphoneos;
				SWIFT_COMPILATION_MODE = wholemodule;
				SWIFT_OPTIMIZATION_LEVEL = "-O";
				VALIDATE_PRODUCT = YES;
			};
			name = Release;
		};
		B5E9B64D28A90E5000B7CCE6 /* Debug */ = {
			isa = XCBuildConfiguration;
			buildSettings = {
				ASSETCATALOG_COMPILER_APPICON_NAME = AppIcon;
				ASSETCATALOG_COMPILER_GLOBAL_ACCENT_COLOR_NAME = AccentColor;
				CODE_SIGN_STYLE = Automatic;
				CURRENT_PROJECT_VERSION = 1;
				DEVELOPMENT_TEAM = V352R4M2J4;
				GENERATE_INFOPLIST_FILE = YES;
				INFOPLIST_FILE = PhotoChallenge/Info.plist;
				INFOPLIST_KEY_NSCameraUsageDescription = "\"You are loh\"";
				INFOPLIST_KEY_UIApplicationSupportsIndirectInputEvents = YES;
				INFOPLIST_KEY_UILaunchStoryboardName = LaunchScreen;
				INFOPLIST_KEY_UISupportedInterfaceOrientations_iPad = "UIInterfaceOrientationPortrait UIInterfaceOrientationPortraitUpsideDown UIInterfaceOrientationLandscapeLeft UIInterfaceOrientationLandscapeRight";
				INFOPLIST_KEY_UISupportedInterfaceOrientations_iPhone = "UIInterfaceOrientationPortrait UIInterfaceOrientationLandscapeLeft UIInterfaceOrientationLandscapeRight";
				LD_RUNPATH_SEARCH_PATHS = (
					"$(inherited)",
					"@executable_path/Frameworks",
				);
				MARKETING_VERSION = 1.0;
				PRODUCT_BUNDLE_IDENTIFIER = pavel.PhotoChallenge;
				PRODUCT_NAME = "$(TARGET_NAME)";
				SWIFT_EMIT_LOC_STRINGS = YES;
				SWIFT_VERSION = 5.0;
				TARGETED_DEVICE_FAMILY = "1,2";
			};
			name = Debug;
		};
		B5E9B64E28A90E5000B7CCE6 /* Release */ = {
			isa = XCBuildConfiguration;
			buildSettings = {
				ASSETCATALOG_COMPILER_APPICON_NAME = AppIcon;
				ASSETCATALOG_COMPILER_GLOBAL_ACCENT_COLOR_NAME = AccentColor;
				CODE_SIGN_STYLE = Automatic;
				CURRENT_PROJECT_VERSION = 1;
				DEVELOPMENT_TEAM = V352R4M2J4;
				GENERATE_INFOPLIST_FILE = YES;
				INFOPLIST_FILE = PhotoChallenge/Info.plist;
				INFOPLIST_KEY_NSCameraUsageDescription = "\"You are loh\"";
				INFOPLIST_KEY_UIApplicationSupportsIndirectInputEvents = YES;
				INFOPLIST_KEY_UILaunchStoryboardName = LaunchScreen;
				INFOPLIST_KEY_UISupportedInterfaceOrientations_iPad = "UIInterfaceOrientationPortrait UIInterfaceOrientationPortraitUpsideDown UIInterfaceOrientationLandscapeLeft UIInterfaceOrientationLandscapeRight";
				INFOPLIST_KEY_UISupportedInterfaceOrientations_iPhone = "UIInterfaceOrientationPortrait UIInterfaceOrientationLandscapeLeft UIInterfaceOrientationLandscapeRight";
				LD_RUNPATH_SEARCH_PATHS = (
					"$(inherited)",
					"@executable_path/Frameworks",
				);
				MARKETING_VERSION = 1.0;
				PRODUCT_BUNDLE_IDENTIFIER = pavel.PhotoChallenge;
				PRODUCT_NAME = "$(TARGET_NAME)";
				SWIFT_EMIT_LOC_STRINGS = YES;
				SWIFT_VERSION = 5.0;
				TARGETED_DEVICE_FAMILY = "1,2";
			};
			name = Release;
		};
/* End XCBuildConfiguration section */

/* Begin XCConfigurationList section */
		B5E9B63328A90E4F00B7CCE6 /* Build configuration list for PBXProject "PhotoChallenge" */ = {
			isa = XCConfigurationList;
			buildConfigurations = (
				B5E9B64A28A90E5000B7CCE6 /* Debug */,
				B5E9B64B28A90E5000B7CCE6 /* Release */,
			);
			defaultConfigurationIsVisible = 0;
			defaultConfigurationName = Release;
		};
		B5E9B64C28A90E5000B7CCE6 /* Build configuration list for PBXNativeTarget "PhotoChallenge" */ = {
			isa = XCConfigurationList;
			buildConfigurations = (
				B5E9B64D28A90E5000B7CCE6 /* Debug */,
				B5E9B64E28A90E5000B7CCE6 /* Release */,
			);
			defaultConfigurationIsVisible = 0;
			defaultConfigurationName = Release;
		};
/* End XCConfigurationList section */
	};
	rootObject = B5E9B63028A90E4F00B7CCE6 /* Project object */;
}
